// !$*UTF8*$!
{
	archiveVersion = 1;
	classes = {
	};
	objectVersion = 56;
	objects = {

/* Begin PBXBuildFile section */
		6E416930297B013A00789E8B /* ExpenseSplitApp.swift in Sources */ = {isa = PBXBuildFile; fileRef = 6E41692F297B013A00789E8B /* ExpenseSplitApp.swift */; };
		6E416934297B013C00789E8B /* Assets.xcassets in Resources */ = {isa = PBXBuildFile; fileRef = 6E416933297B013C00789E8B /* Assets.xcassets */; };
		6E416937297B013C00789E8B /* Preview Assets.xcassets in Resources */ = {isa = PBXBuildFile; fileRef = 6E416936297B013C00789E8B /* Preview Assets.xcassets */; };
		6E41693F297B01E800789E8B /* Theme.swift in Sources */ = {isa = PBXBuildFile; fileRef = 6E41693E297B01E800789E8B /* Theme.swift */; };
		6E416941297B04A500789E8B /* PartyInfo.swift in Sources */ = {isa = PBXBuildFile; fileRef = 6E416940297B04A500789E8B /* PartyInfo.swift */; };
		6E416943297B082100789E8B /* Expense.swift in Sources */ = {isa = PBXBuildFile; fileRef = 6E416942297B082100789E8B /* Expense.swift */; };
		6E416945297B083A00789E8B /* Payment.swift in Sources */ = {isa = PBXBuildFile; fileRef = 6E416944297B083A00789E8B /* Payment.swift */; };
		6E416949297B374900789E8B /* Participant.swift in Sources */ = {isa = PBXBuildFile; fileRef = 6E416948297B374900789E8B /* Participant.swift */; };
		6E41694B297C138E00789E8B /* PartyInfoStore.swift in Sources */ = {isa = PBXBuildFile; fileRef = 6E41694A297C138E00789E8B /* PartyInfoStore.swift */; };
		6E41694E297C162000789E8B /* PartiesView.swift in Sources */ = {isa = PBXBuildFile; fileRef = 6E41694D297C162000789E8B /* PartiesView.swift */; };
		6E416950297C1D5900789E8B /* PartyView.swift in Sources */ = {isa = PBXBuildFile; fileRef = 6E41694F297C1D5900789E8B /* PartyView.swift */; };
		6E416954297C1F2C00789E8B /* PartyDetailView.swift in Sources */ = {isa = PBXBuildFile; fileRef = 6E416953297C1F2C00789E8B /* PartyDetailView.swift */; };
		6E416958297C470C00789E8B /* PartyDetailEditView.swift in Sources */ = {isa = PBXBuildFile; fileRef = 6E416957297C470C00789E8B /* PartyDetailEditView.swift */; };
		6E41695C297C4CD900789E8B /* ThemeView.swift in Sources */ = {isa = PBXBuildFile; fileRef = 6E41695B297C4CD900789E8B /* ThemeView.swift */; };
		6E41695E297C4CEB00789E8B /* ThemePicker.swift in Sources */ = {isa = PBXBuildFile; fileRef = 6E41695D297C4CEB00789E8B /* ThemePicker.swift */; };
		6E416962297C8A2400789E8B /* ExpenseDetailEditView.swift in Sources */ = {isa = PBXBuildFile; fileRef = 6E416961297C8A2400789E8B /* ExpenseDetailEditView.swift */; };
		6E416964297C8A3B00789E8B /* PaymentDetailEditView.swift in Sources */ = {isa = PBXBuildFile; fileRef = 6E416963297C8A3B00789E8B /* PaymentDetailEditView.swift */; };
		6E64B504297D8B4E0066317A /* PayersView.swift in Sources */ = {isa = PBXBuildFile; fileRef = 6E64B503297D8B4E0066317A /* PayersView.swift */; };
		6E64B506297D8B600066317A /* EnjoyersView.swift in Sources */ = {isa = PBXBuildFile; fileRef = 6E64B505297D8B600066317A /* EnjoyersView.swift */; };
/* End PBXBuildFile section */

/* Begin PBXFileReference section */
		6E41692C297B013A00789E8B /* ExpenseSplit.app */ = {isa = PBXFileReference; explicitFileType = wrapper.application; includeInIndex = 0; path = ExpenseSplit.app; sourceTree = BUILT_PRODUCTS_DIR; };
		6E41692F297B013A00789E8B /* ExpenseSplitApp.swift */ = {isa = PBXFileReference; lastKnownFileType = sourcecode.swift; path = ExpenseSplitApp.swift; sourceTree = "<group>"; };
		6E416933297B013C00789E8B /* Assets.xcassets */ = {isa = PBXFileReference; lastKnownFileType = folder.assetcatalog; path = Assets.xcassets; sourceTree = "<group>"; };
		6E416936297B013C00789E8B /* Preview Assets.xcassets */ = {isa = PBXFileReference; lastKnownFileType = folder.assetcatalog; path = "Preview Assets.xcassets"; sourceTree = "<group>"; };
		6E41693E297B01E800789E8B /* Theme.swift */ = {isa = PBXFileReference; lastKnownFileType = sourcecode.swift; path = Theme.swift; sourceTree = "<group>"; };
		6E416940297B04A500789E8B /* PartyInfo.swift */ = {isa = PBXFileReference; lastKnownFileType = sourcecode.swift; path = PartyInfo.swift; sourceTree = "<group>"; };
		6E416942297B082100789E8B /* Expense.swift */ = {isa = PBXFileReference; lastKnownFileType = sourcecode.swift; path = Expense.swift; sourceTree = "<group>"; };
		6E416944297B083A00789E8B /* Payment.swift */ = {isa = PBXFileReference; lastKnownFileType = sourcecode.swift; path = Payment.swift; sourceTree = "<group>"; };
		6E416948297B374900789E8B /* Participant.swift */ = {isa = PBXFileReference; lastKnownFileType = sourcecode.swift; path = Participant.swift; sourceTree = "<group>"; };
		6E41694A297C138E00789E8B /* PartyInfoStore.swift */ = {isa = PBXFileReference; lastKnownFileType = sourcecode.swift; path = PartyInfoStore.swift; sourceTree = "<group>"; };
		6E41694D297C162000789E8B /* PartiesView.swift */ = {isa = PBXFileReference; lastKnownFileType = sourcecode.swift; path = PartiesView.swift; sourceTree = "<group>"; };
		6E41694F297C1D5900789E8B /* PartyView.swift */ = {isa = PBXFileReference; lastKnownFileType = sourcecode.swift; path = PartyView.swift; sourceTree = "<group>"; };
		6E416953297C1F2C00789E8B /* PartyDetailView.swift */ = {isa = PBXFileReference; lastKnownFileType = sourcecode.swift; path = PartyDetailView.swift; sourceTree = "<group>"; };
		6E416957297C470C00789E8B /* PartyDetailEditView.swift */ = {isa = PBXFileReference; lastKnownFileType = sourcecode.swift; path = PartyDetailEditView.swift; sourceTree = "<group>"; };
		6E41695B297C4CD900789E8B /* ThemeView.swift */ = {isa = PBXFileReference; lastKnownFileType = sourcecode.swift; path = ThemeView.swift; sourceTree = "<group>"; };
		6E41695D297C4CEB00789E8B /* ThemePicker.swift */ = {isa = PBXFileReference; lastKnownFileType = sourcecode.swift; path = ThemePicker.swift; sourceTree = "<group>"; };
		6E416961297C8A2400789E8B /* ExpenseDetailEditView.swift */ = {isa = PBXFileReference; lastKnownFileType = sourcecode.swift; path = ExpenseDetailEditView.swift; sourceTree = "<group>"; };
		6E416963297C8A3B00789E8B /* PaymentDetailEditView.swift */ = {isa = PBXFileReference; lastKnownFileType = sourcecode.swift; path = PaymentDetailEditView.swift; sourceTree = "<group>"; };
		6E64B503297D8B4E0066317A /* PayersView.swift */ = {isa = PBXFileReference; lastKnownFileType = sourcecode.swift; path = PayersView.swift; sourceTree = "<group>"; };
		6E64B505297D8B600066317A /* EnjoyersView.swift */ = {isa = PBXFileReference; lastKnownFileType = sourcecode.swift; path = EnjoyersView.swift; sourceTree = "<group>"; };
/* End PBXFileReference section */

/* Begin PBXFrameworksBuildPhase section */
		6E416929297B013A00789E8B /* Frameworks */ = {
			isa = PBXFrameworksBuildPhase;
			buildActionMask = 2147483647;
			files = (
			);
			runOnlyForDeploymentPostprocessing = 0;
		};
/* End PBXFrameworksBuildPhase section */

/* Begin PBXGroup section */
		6E416923297B013A00789E8B = {
			isa = PBXGroup;
			children = (
				6E41692E297B013A00789E8B /* ExpenseSplit */,
				6E41692D297B013A00789E8B /* Products */,
			);
			sourceTree = "<group>";
		};
		6E41692D297B013A00789E8B /* Products */ = {
			isa = PBXGroup;
			children = (
				6E41692C297B013A00789E8B /* ExpenseSplit.app */,
			);
			name = Products;
			sourceTree = "<group>";
		};
		6E41692E297B013A00789E8B /* ExpenseSplit */ = {
			isa = PBXGroup;
			children = (
				6E41692F297B013A00789E8B /* ExpenseSplitApp.swift */,
				6E41694C297C15E800789E8B /* Views */,
				6E41693D297B01C600789E8B /* Models */,
				6E416933297B013C00789E8B /* Assets.xcassets */,
				6E416935297B013C00789E8B /* Preview Content */,
			);
			path = ExpenseSplit;
			sourceTree = "<group>";
		};
		6E416935297B013C00789E8B /* Preview Content */ = {
			isa = PBXGroup;
			children = (
				6E416936297B013C00789E8B /* Preview Assets.xcassets */,
			);
			path = "Preview Content";
			sourceTree = "<group>";
		};
		6E41693D297B01C600789E8B /* Models */ = {
			isa = PBXGroup;
			children = (
				6E416940297B04A500789E8B /* PartyInfo.swift */,
				6E41694A297C138E00789E8B /* PartyInfoStore.swift */,
				6E416948297B374900789E8B /* Participant.swift */,
				6E416942297B082100789E8B /* Expense.swift */,
				6E416944297B083A00789E8B /* Payment.swift */,
				6E41693E297B01E800789E8B /* Theme.swift */,
			);
			path = Models;
			sourceTree = "<group>";
		};
		6E41694C297C15E800789E8B /* Views */ = {
			isa = PBXGroup;
			children = (
				6E416959297C4C9F00789E8B /* Party */,
				6E41694D297C162000789E8B /* PartiesView.swift */,
				6E41694F297C1D5900789E8B /* PartyView.swift */,
				6E416953297C1F2C00789E8B /* PartyDetailView.swift */,
				6E416957297C470C00789E8B /* PartyDetailEditView.swift */,
				6E64B500297D87D00066317A /* Participant */,
				6E41695F297C899A00789E8B /* Expense */,
				6E416960297C89B100789E8B /* Payment */,
				6E41695A297C4CAF00789E8B /* Theme */,
			);
			path = Views;
			sourceTree = "<group>";
		};
		6E416959297C4C9F00789E8B /* Party */ = {
			isa = PBXGroup;
			children = (
			);
			path = Party;
			sourceTree = "<group>";
		};
		6E41695A297C4CAF00789E8B /* Theme */ = {
			isa = PBXGroup;
			children = (
				6E41695B297C4CD900789E8B /* ThemeView.swift */,
				6E41695D297C4CEB00789E8B /* ThemePicker.swift */,
			);
			path = Theme;
			sourceTree = "<group>";
		};
		6E41695F297C899A00789E8B /* Expense */ = {
			isa = PBXGroup;
			children = (
				6E416961297C8A2400789E8B /* ExpenseDetailEditView.swift */,
				6E64B503297D8B4E0066317A /* PayersView.swift */,
				6E64B505297D8B600066317A /* EnjoyersView.swift */,
			);
			path = Expense;
			sourceTree = "<group>";
		};
		6E416960297C89B100789E8B /* Payment */ = {
			isa = PBXGroup;
			children = (
				6E416963297C8A3B00789E8B /* PaymentDetailEditView.swift */,
			);
			path = Payment;
			sourceTree = "<group>";
		};
		6E64B500297D87D00066317A /* Participant */ = {
			isa = PBXGroup;
			children = (
			);
			path = Participant;
			sourceTree = "<group>";
		};
/* End PBXGroup section */

/* Begin PBXNativeTarget section */
		6E41692B297B013A00789E8B /* ExpenseSplit */ = {
			isa = PBXNativeTarget;
			buildConfigurationList = 6E41693A297B013C00789E8B /* Build configuration list for PBXNativeTarget "ExpenseSplit" */;
			buildPhases = (
				6E416928297B013A00789E8B /* Sources */,
				6E416929297B013A00789E8B /* Frameworks */,
				6E41692A297B013A00789E8B /* Resources */,
			);
			buildRules = (
			);
			dependencies = (
			);
			name = ExpenseSplit;
			productName = ExpenseSplit;
			productReference = 6E41692C297B013A00789E8B /* ExpenseSplit.app */;
			productType = "com.apple.product-type.application";
		};
/* End PBXNativeTarget section */

/* Begin PBXProject section */
		6E416924297B013A00789E8B /* Project object */ = {
			isa = PBXProject;
			attributes = {
				BuildIndependentTargetsInParallel = 1;
				LastSwiftUpdateCheck = 1420;
				LastUpgradeCheck = 1420;
				TargetAttributes = {
					6E41692B297B013A00789E8B = {
						CreatedOnToolsVersion = 14.2;
					};
				};
			};
			buildConfigurationList = 6E416927297B013A00789E8B /* Build configuration list for PBXProject "ExpenseSplit" */;
			compatibilityVersion = "Xcode 14.0";
			developmentRegion = en;
			hasScannedForEncodings = 0;
			knownRegions = (
				en,
				Base,
			);
			mainGroup = 6E416923297B013A00789E8B;
			productRefGroup = 6E41692D297B013A00789E8B /* Products */;
			projectDirPath = "";
			projectRoot = "";
			targets = (
				6E41692B297B013A00789E8B /* ExpenseSplit */,
			);
		};
/* End PBXProject section */

/* Begin PBXResourcesBuildPhase section */
		6E41692A297B013A00789E8B /* Resources */ = {
			isa = PBXResourcesBuildPhase;
			buildActionMask = 2147483647;
			files = (
				6E416937297B013C00789E8B /* Preview Assets.xcassets in Resources */,
				6E416934297B013C00789E8B /* Assets.xcassets in Resources */,
			);
			runOnlyForDeploymentPostprocessing = 0;
		};
/* End PBXResourcesBuildPhase section */

/* Begin PBXSourcesBuildPhase section */
		6E416928297B013A00789E8B /* Sources */ = {
			isa = PBXSourcesBuildPhase;
			buildActionMask = 2147483647;
			files = (
				6E41694B297C138E00789E8B /* PartyInfoStore.swift in Sources */,
				6E41693F297B01E800789E8B /* Theme.swift in Sources */,
				6E416941297B04A500789E8B /* PartyInfo.swift in Sources */,
				6E416964297C8A3B00789E8B /* PaymentDetailEditView.swift in Sources */,
				6E416950297C1D5900789E8B /* PartyView.swift in Sources */,
				6E41695C297C4CD900789E8B /* ThemeView.swift in Sources */,
				6E416949297B374900789E8B /* Participant.swift in Sources */,
				6E416930297B013A00789E8B /* ExpenseSplitApp.swift in Sources */,
				6E416945297B083A00789E8B /* Payment.swift in Sources */,
				6E416962297C8A2400789E8B /* ExpenseDetailEditView.swift in Sources */,
				6E64B506297D8B600066317A /* EnjoyersView.swift in Sources */,
				6E64B504297D8B4E0066317A /* PayersView.swift in Sources */,
				6E416943297B082100789E8B /* Expense.swift in Sources */,
				6E416954297C1F2C00789E8B /* PartyDetailView.swift in Sources */,
				6E41695E297C4CEB00789E8B /* ThemePicker.swift in Sources */,
				6E41694E297C162000789E8B /* PartiesView.swift in Sources */,
				6E416958297C470C00789E8B /* PartyDetailEditView.swift in Sources */,
			);
			runOnlyForDeploymentPostprocessing = 0;
		};
/* End PBXSourcesBuildPhase section */

/* Begin XCBuildConfiguration section */
		6E416938297B013C00789E8B /* Debug */ = {
			isa = XCBuildConfiguration;
			buildSettings = {
				ALWAYS_SEARCH_USER_PATHS = NO;
				CLANG_ANALYZER_NONNULL = YES;
				CLANG_ANALYZER_NUMBER_OBJECT_CONVERSION = YES_AGGRESSIVE;
				CLANG_CXX_LANGUAGE_STANDARD = "gnu++20";
				CLANG_ENABLE_MODULES = YES;
				CLANG_ENABLE_OBJC_ARC = YES;
				CLANG_ENABLE_OBJC_WEAK = YES;
				CLANG_WARN_BLOCK_CAPTURE_AUTORELEASING = YES;
				CLANG_WARN_BOOL_CONVERSION = YES;
				CLANG_WARN_COMMA = YES;
				CLANG_WARN_CONSTANT_CONVERSION = YES;
				CLANG_WARN_DEPRECATED_OBJC_IMPLEMENTATIONS = YES;
				CLANG_WARN_DIRECT_OBJC_ISA_USAGE = YES_ERROR;
				CLANG_WARN_DOCUMENTATION_COMMENTS = YES;
				CLANG_WARN_EMPTY_BODY = YES;
				CLANG_WARN_ENUM_CONVERSION = YES;
				CLANG_WARN_INFINITE_RECURSION = YES;
				CLANG_WARN_INT_CONVERSION = YES;
				CLANG_WARN_NON_LITERAL_NULL_CONVERSION = YES;
				CLANG_WARN_OBJC_IMPLICIT_RETAIN_SELF = YES;
				CLANG_WARN_OBJC_LITERAL_CONVERSION = YES;
				CLANG_WARN_OBJC_ROOT_CLASS = YES_ERROR;
				CLANG_WARN_QUOTED_INCLUDE_IN_FRAMEWORK_HEADER = YES;
				CLANG_WARN_RANGE_LOOP_ANALYSIS = YES;
				CLANG_WARN_STRICT_PROTOTYPES = YES;
				CLANG_WARN_SUSPICIOUS_MOVE = YES;
				CLANG_WARN_UNGUARDED_AVAILABILITY = YES_AGGRESSIVE;
				CLANG_WARN_UNREACHABLE_CODE = YES;
				CLANG_WARN__DUPLICATE_METHOD_MATCH = YES;
				COPY_PHASE_STRIP = NO;
				DEBUG_INFORMATION_FORMAT = dwarf;
				ENABLE_STRICT_OBJC_MSGSEND = YES;
				ENABLE_TESTABILITY = YES;
				GCC_C_LANGUAGE_STANDARD = gnu11;
				GCC_DYNAMIC_NO_PIC = NO;
				GCC_NO_COMMON_BLOCKS = YES;
				GCC_OPTIMIZATION_LEVEL = 0;
				GCC_PREPROCESSOR_DEFINITIONS = (
					"DEBUG=1",
					"$(inherited)",
				);
				GCC_WARN_64_TO_32_BIT_CONVERSION = YES;
				GCC_WARN_ABOUT_RETURN_TYPE = YES_ERROR;
				GCC_WARN_UNDECLARED_SELECTOR = YES;
				GCC_WARN_UNINITIALIZED_AUTOS = YES_AGGRESSIVE;
				GCC_WARN_UNUSED_FUNCTION = YES;
				GCC_WARN_UNUSED_VARIABLE = YES;
				IPHONEOS_DEPLOYMENT_TARGET = 16.2;
				MTL_ENABLE_DEBUG_INFO = INCLUDE_SOURCE;
				MTL_FAST_MATH = YES;
				ONLY_ACTIVE_ARCH = YES;
				SDKROOT = iphoneos;
				SWIFT_ACTIVE_COMPILATION_CONDITIONS = DEBUG;
				SWIFT_OPTIMIZATION_LEVEL = "-Onone";
			};
			name = Debug;
		};
		6E416939297B013C00789E8B /* Release */ = {
			isa = XCBuildConfiguration;
			buildSettings = {
				ALWAYS_SEARCH_USER_PATHS = NO;
				CLANG_ANALYZER_NONNULL = YES;
				CLANG_ANALYZER_NUMBER_OBJECT_CONVERSION = YES_AGGRESSIVE;
				CLANG_CXX_LANGUAGE_STANDARD = "gnu++20";
				CLANG_ENABLE_MODULES = YES;
				CLANG_ENABLE_OBJC_ARC = YES;
				CLANG_ENABLE_OBJC_WEAK = YES;
				CLANG_WARN_BLOCK_CAPTURE_AUTORELEASING = YES;
				CLANG_WARN_BOOL_CONVERSION = YES;
				CLANG_WARN_COMMA = YES;
				CLANG_WARN_CONSTANT_CONVERSION = YES;
				CLANG_WARN_DEPRECATED_OBJC_IMPLEMENTATIONS = YES;
				CLANG_WARN_DIRECT_OBJC_ISA_USAGE = YES_ERROR;
				CLANG_WARN_DOCUMENTATION_COMMENTS = YES;
				CLANG_WARN_EMPTY_BODY = YES;
				CLANG_WARN_ENUM_CONVERSION = YES;
				CLANG_WARN_INFINITE_RECURSION = YES;
				CLANG_WARN_INT_CONVERSION = YES;
				CLANG_WARN_NON_LITERAL_NULL_CONVERSION = YES;
				CLANG_WARN_OBJC_IMPLICIT_RETAIN_SELF = YES;
				CLANG_WARN_OBJC_LITERAL_CONVERSION = YES;
				CLANG_WARN_OBJC_ROOT_CLASS = YES_ERROR;
				CLANG_WARN_QUOTED_INCLUDE_IN_FRAMEWORK_HEADER = YES;
				CLANG_WARN_RANGE_LOOP_ANALYSIS = YES;
				CLANG_WARN_STRICT_PROTOTYPES = YES;
				CLANG_WARN_SUSPICIOUS_MOVE = YES;
				CLANG_WARN_UNGUARDED_AVAILABILITY = YES_AGGRESSIVE;
				CLANG_WARN_UNREACHABLE_CODE = YES;
				CLANG_WARN__DUPLICATE_METHOD_MATCH = YES;
				COPY_PHASE_STRIP = NO;
				DEBUG_INFORMATION_FORMAT = "dwarf-with-dsym";
				ENABLE_NS_ASSERTIONS = NO;
				ENABLE_STRICT_OBJC_MSGSEND = YES;
				GCC_C_LANGUAGE_STANDARD = gnu11;
				GCC_NO_COMMON_BLOCKS = YES;
				GCC_WARN_64_TO_32_BIT_CONVERSION = YES;
				GCC_WARN_ABOUT_RETURN_TYPE = YES_ERROR;
				GCC_WARN_UNDECLARED_SELECTOR = YES;
				GCC_WARN_UNINITIALIZED_AUTOS = YES_AGGRESSIVE;
				GCC_WARN_UNUSED_FUNCTION = YES;
				GCC_WARN_UNUSED_VARIABLE = YES;
				IPHONEOS_DEPLOYMENT_TARGET = 16.2;
				MTL_ENABLE_DEBUG_INFO = NO;
				MTL_FAST_MATH = YES;
				SDKROOT = iphoneos;
				SWIFT_COMPILATION_MODE = wholemodule;
				SWIFT_OPTIMIZATION_LEVEL = "-O";
				VALIDATE_PRODUCT = YES;
			};
			name = Release;
		};
		6E41693B297B013C00789E8B /* Debug */ = {
			isa = XCBuildConfiguration;
			buildSettings = {
				ASSETCATALOG_COMPILER_APPICON_NAME = AppIcon;
				ASSETCATALOG_COMPILER_GLOBAL_ACCENT_COLOR_NAME = AccentColor;
				CODE_SIGN_STYLE = Automatic;
				CURRENT_PROJECT_VERSION = 1;
				DEVELOPMENT_ASSET_PATHS = "\"ExpenseSplit/Preview Content\"";
				DEVELOPMENT_TEAM = 97YH7XTK2J;
				ENABLE_PREVIEWS = YES;
				GENERATE_INFOPLIST_FILE = YES;
				INFOPLIST_KEY_UIApplicationSceneManifest_Generation = YES;
				INFOPLIST_KEY_UIApplicationSupportsIndirectInputEvents = YES;
				INFOPLIST_KEY_UILaunchScreen_Generation = YES;
				INFOPLIST_KEY_UISupportedInterfaceOrientations_iPad = "UIInterfaceOrientationPortrait UIInterfaceOrientationPortraitUpsideDown UIInterfaceOrientationLandscapeLeft UIInterfaceOrientationLandscapeRight";
				INFOPLIST_KEY_UISupportedInterfaceOrientations_iPhone = "UIInterfaceOrientationPortrait UIInterfaceOrientationLandscapeLeft UIInterfaceOrientationLandscapeRight";
				LD_RUNPATH_SEARCH_PATHS = (
					"$(inherited)",
					"@executable_path/Frameworks",
				);
				MARKETING_VERSION = 1.0;
				PRODUCT_BUNDLE_IDENTIFIER = com.pablo.penalva.ExpenseSplit;
				PRODUCT_NAME = "$(TARGET_NAME)";
				SWIFT_EMIT_LOC_STRINGS = YES;
				SWIFT_VERSION = 5.0;
				TARGETED_DEVICE_FAMILY = "1,2";
			};
			name = Debug;
		};
		6E41693C297B013C00789E8B /* Release */ = {
			isa = XCBuildConfiguration;
			buildSettings = {
				ASSETCATALOG_COMPILER_APPICON_NAME = AppIcon;
				ASSETCATALOG_COMPILER_GLOBAL_ACCENT_COLOR_NAME = AccentColor;
				CODE_SIGN_STYLE = Automatic;
				CURRENT_PROJECT_VERSION = 1;
				DEVELOPMENT_ASSET_PATHS = "\"ExpenseSplit/Preview Content\"";
				DEVELOPMENT_TEAM = 97YH7XTK2J;
				ENABLE_PREVIEWS = YES;
				GENERATE_INFOPLIST_FILE = YES;
				INFOPLIST_KEY_UIApplicationSceneManifest_Generation = YES;
				INFOPLIST_KEY_UIApplicationSupportsIndirectInputEvents = YES;
				INFOPLIST_KEY_UILaunchScreen_Generation = YES;
				INFOPLIST_KEY_UISupportedInterfaceOrientations_iPad = "UIInterfaceOrientationPortrait UIInterfaceOrientationPortraitUpsideDown UIInterfaceOrientationLandscapeLeft UIInterfaceOrientationLandscapeRight";
				INFOPLIST_KEY_UISupportedInterfaceOrientations_iPhone = "UIInterfaceOrientationPortrait UIInterfaceOrientationLandscapeLeft UIInterfaceOrientationLandscapeRight";
				LD_RUNPATH_SEARCH_PATHS = (
					"$(inherited)",
					"@executable_path/Frameworks",
				);
				MARKETING_VERSION = 1.0;
				PRODUCT_BUNDLE_IDENTIFIER = com.pablo.penalva.ExpenseSplit;
				PRODUCT_NAME = "$(TARGET_NAME)";
				SWIFT_EMIT_LOC_STRINGS = YES;
				SWIFT_VERSION = 5.0;
				TARGETED_DEVICE_FAMILY = "1,2";
			};
			name = Release;
		};
/* End XCBuildConfiguration section */

/* Begin XCConfigurationList section */
		6E416927297B013A00789E8B /* Build configuration list for PBXProject "ExpenseSplit" */ = {
			isa = XCConfigurationList;
			buildConfigurations = (
				6E416938297B013C00789E8B /* Debug */,
				6E416939297B013C00789E8B /* Release */,
			);
			defaultConfigurationIsVisible = 0;
			defaultConfigurationName = Release;
		};
		6E41693A297B013C00789E8B /* Build configuration list for PBXNativeTarget "ExpenseSplit" */ = {
			isa = XCConfigurationList;
			buildConfigurations = (
				6E41693B297B013C00789E8B /* Debug */,
				6E41693C297B013C00789E8B /* Release */,
			);
			defaultConfigurationIsVisible = 0;
			defaultConfigurationName = Release;
		};
/* End XCConfigurationList section */
	};
	rootObject = 6E416924297B013A00789E8B /* Project object */;
}
